
Microsoft Visual Studio Solution File, Format Version 12.00
Project("{FAE04EC0-301F-11D3-BF4B-00C04F79EFBC}") = "AssemblyBrowser", "AssemblyBrowser\AssemblyBrowser.csproj", "{62F8883F-2DB6-4227-99ED-0A7DF55ED7A8}"
EndProject
Project("{FAE04EC0-301F-11D3-BF4B-00C04F79EFBC}") = "AssemblyBrowserLib", "AssemblyBrowserLib\AssemblyBrowserLib.csproj", "{97C749F6-F069-49ED-883C-12A461E9F163}"
EndProject
Project("{FAE04EC0-301F-11D3-BF4B-00C04F79EFBC}") = "AssemblyBrowserLib.Tests", "AssemblyBrowserLib.Tests\AssemblyBrowserLib.Tests.csproj", "{2C6B20D3-1C98-4A99-8E8A-21D310DB3E07}"
EndProject
Global
	GlobalSection(SolutionConfigurationPlatforms) = preSolution
		Debug|Any CPU = Debug|Any CPU
		Release|Any CPU = Release|Any CPU
	EndGlobalSection
	GlobalSection(ProjectConfigurationPlatforms) = postSolution
		{62F8883F-2DB6-4227-99ED-0A7DF55ED7A8}.Debug|Any CPU.ActiveCfg = Debug|Any CPU
		{62F8883F-2DB6-4227-99ED-0A7DF55ED7A8}.Debug|Any CPU.Build.0 = Debug|Any CPU
		{62F8883F-2DB6-4227-99ED-0A7DF55ED7A8}.Release|Any CPU.ActiveCfg = Release|Any CPU
		{62F8883F-2DB6-4227-99ED-0A7DF55ED7A8}.Release|Any CPU.Build.0 = Release|Any CPU
		{97C749F6-F069-49ED-883C-12A461E9F163}.Debug|Any CPU.ActiveCfg = Debug|Any CPU
		{97C749F6-F069-49ED-883C-12A461E9F163}.Debug|Any CPU.Build.0 = Debug|Any CPU
		{97C749F6-F069-49ED-883C-12A461E9F163}.Release|Any CPU.ActiveCfg = Release|Any CPU
		{97C749F6-F069-49ED-883C-12A461E9F163}.Release|Any CPU.Build.0 = Release|Any CPU
		{2C6B20D3-1C98-4A99-8E8A-21D310DB3E07}.Debug|Any CPU.ActiveCfg = Debug|Any CPU
		{2C6B20D3-1C98-4A99-8E8A-21D310DB3E07}.Debug|Any CPU.Build.0 = Debug|Any CPU
		{2C6B20D3-1C98-4A99-8E8A-21D310DB3E07}.Release|Any CPU.ActiveCfg = Release|Any CPU
		{2C6B20D3-1C98-4A99-8E8A-21D310DB3E07}.Release|Any CPU.Build.0 = Release|Any CPU
	EndGlobalSection
EndGlobal
